
Microsoft Visual Studio Solution File, Format Version 12.00
# Visual Studio Version 18
VisualStudioVersion = 18.1.11304.174
MinimumVisualStudioVersion = 10.0.40219.1
Project("{9A19103F-16F7-4668-BE54-9A1E7A4F7556}") = "PerAspera.Core", "PerAspera.Core\PerAspera.Core.csproj", "{D7B448BE-D675-4E65-8E5F-50ED9B23ACA2}"
EndProject
Project("{9A19103F-16F7-4668-BE54-9A1E7A4F7556}") = "PerAspera.GameAPI", "PerAspera.GameAPI\PerAspera.GameAPI.csproj", "{61B163EA-3647-46D7-9F92-2BC0AD672342}"
EndProject
Project("{9A19103F-16F7-4668-BE54-9A1E7A4F7556}") = "PerAspera.GameAPI.Wrappers", "PerAspera.GameAPI.Wrappers\PerAspera.GameAPI.Wrappers.csproj", "{B3C4D5E6-F7A8-4B90-9C1D-E2F3A4B5C6D7}"
EndProject
Project("{9A19103F-16F7-4668-BE54-9A1E7A4F7556}") = "PerAspera.ModSDK", "PerAspera.ModSDK\PerAspera.ModSDK.csproj", "{A1B2C3D4-E5F6-7890-ABCD-EF1234567890}"
EndProject
Project("{FAE04EC0-301F-11D3-BF4B-00C04F79EFBC}") = "PerAspera.Core.IL2CppExtensions", "PerAspera.Core.IL2CppExtensions\PerAspera.Core.IL2CppExtensions.csproj", "{13300D28-35CC-4114-929F-9C7CA728D5FD}"
EndProject
Project("{FAE04EC0-301F-11D3-BF4B-00C04F79EFBC}") = "PerAspera.GameAPI.Events", "PerAspera.GameAPI.Events\PerAspera.GameAPI.Events.csproj", "{717F268A-CDFB-4B99-A0F4-9564A97E19F4}"
EndProject
Project("{FAE04EC0-301F-11D3-BF4B-00C04F79EFBC}") = "PerAspera.GameAPI.Climate", "PerAspera.GameAPI.Climate\PerAspera.GameAPI.Climate.csproj", "{07A04732-04FC-4638-B71D-3BD3EF9B7C5F}"
EndProject
Project("{FAE04EC0-301F-11D3-BF4B-00C04F79EFBC}") = "PerAspera.GameAPI.Overrides", "PerAspera.GameAPI.Overrides\PerAspera.GameAPI.Overrides.csproj", "{9E73A6A0-2BBA-407E-AE56-C2B239B4E516}"
EndProject
Project("{FAE04EC0-301F-11D3-BF4B-00C04F79EFBC}") = "PerAspera.GameAPI.Commands", "PerAspera.GameAPI.Commands\PerAspera.GameAPI.Commands.csproj", "{01EE6CE9-75E6-4F0B-9978-F7232EDAD3DA}"
EndProject
Global
	GlobalSection(SolutionConfigurationPlatforms) = preSolution
		Debug|Any CPU = Debug|Any CPU
		Debug|x64 = Debug|x64
		Debug|x86 = Debug|x86
		Release|Any CPU = Release|Any CPU
		Release|x64 = Release|x64
		Release|x86 = Release|x86
	EndGlobalSection
	GlobalSection(ProjectConfigurationPlatforms) = postSolution
		{D7B448BE-D675-4E65-8E5F-50ED9B23ACA2}.Debug|Any CPU.ActiveCfg = Debug|Any CPU
		{D7B448BE-D675-4E65-8E5F-50ED9B23ACA2}.Debug|Any CPU.Build.0 = Debug|Any CPU
		{D7B448BE-D675-4E65-8E5F-50ED9B23ACA2}.Debug|x64.ActiveCfg = Debug|Any CPU
		{D7B448BE-D675-4E65-8E5F-50ED9B23ACA2}.Debug|x64.Build.0 = Debug|Any CPU
		{D7B448BE-D675-4E65-8E5F-50ED9B23ACA2}.Debug|x86.ActiveCfg = Debug|Any CPU
		{D7B448BE-D675-4E65-8E5F-50ED9B23ACA2}.Debug|x86.Build.0 = Debug|Any CPU
		{D7B448BE-D675-4E65-8E5F-50ED9B23ACA2}.Release|Any CPU.ActiveCfg = Release|Any CPU
		{D7B448BE-D675-4E65-8E5F-50ED9B23ACA2}.Release|Any CPU.Build.0 = Release|Any CPU
		{D7B448BE-D675-4E65-8E5F-50ED9B23ACA2}.Release|x64.ActiveCfg = Release|Any CPU
		{D7B448BE-D675-4E65-8E5F-50ED9B23ACA2}.Release|x64.Build.0 = Release|Any CPU
		{D7B448BE-D675-4E65-8E5F-50ED9B23ACA2}.Release|x86.ActiveCfg = Release|Any CPU
		{D7B448BE-D675-4E65-8E5F-50ED9B23ACA2}.Release|x86.Build.0 = Release|Any CPU
		{61B163EA-3647-46D7-9F92-2BC0AD672342}.Debug|Any CPU.ActiveCfg = Debug|Any CPU
		{61B163EA-3647-46D7-9F92-2BC0AD672342}.Debug|Any CPU.Build.0 = Debug|Any CPU
		{61B163EA-3647-46D7-9F92-2BC0AD672342}.Debug|x64.ActiveCfg = Debug|Any CPU
		{61B163EA-3647-46D7-9F92-2BC0AD672342}.Debug|x64.Build.0 = Debug|Any CPU
		{61B163EA-3647-46D7-9F92-2BC0AD672342}.Debug|x86.ActiveCfg = Debug|Any CPU
		{61B163EA-3647-46D7-9F92-2BC0AD672342}.Debug|x86.Build.0 = Debug|Any CPU
		{61B163EA-3647-46D7-9F92-2BC0AD672342}.Release|Any CPU.ActiveCfg = Release|Any CPU
		{61B163EA-3647-46D7-9F92-2BC0AD672342}.Release|Any CPU.Build.0 = Release|Any CPU
		{61B163EA-3647-46D7-9F92-2BC0AD672342}.Release|x64.ActiveCfg = Release|Any CPU
		{61B163EA-3647-46D7-9F92-2BC0AD672342}.Release|x64.Build.0 = Release|Any CPU
		{61B163EA-3647-46D7-9F92-2BC0AD672342}.Release|x86.ActiveCfg = Release|Any CPU
		{61B163EA-3647-46D7-9F92-2BC0AD672342}.Release|x86.Build.0 = Release|Any CPU
		{B3C4D5E6-F7A8-4B90-9C1D-E2F3A4B5C6D7}.Debug|Any CPU.ActiveCfg = Debug|Any CPU
		{B3C4D5E6-F7A8-4B90-9C1D-E2F3A4B5C6D7}.Debug|Any CPU.Build.0 = Debug|Any CPU
		{B3C4D5E6-F7A8-4B90-9C1D-E2F3A4B5C6D7}.Debug|x64.ActiveCfg = Debug|Any CPU
		{B3C4D5E6-F7A8-4B90-9C1D-E2F3A4B5C6D7}.Debug|x64.Build.0 = Debug|Any CPU
		{B3C4D5E6-F7A8-4B90-9C1D-E2F3A4B5C6D7}.Debug|x86.ActiveCfg = Debug|Any CPU
		{B3C4D5E6-F7A8-4B90-9C1D-E2F3A4B5C6D7}.Debug|x86.Build.0 = Debug|Any CPU
		{B3C4D5E6-F7A8-4B90-9C1D-E2F3A4B5C6D7}.Release|Any CPU.ActiveCfg = Release|Any CPU
		{B3C4D5E6-F7A8-4B90-9C1D-E2F3A4B5C6D7}.Release|Any CPU.Build.0 = Release|Any CPU
		{B3C4D5E6-F7A8-4B90-9C1D-E2F3A4B5C6D7}.Release|x64.ActiveCfg = Release|Any CPU
		{B3C4D5E6-F7A8-4B90-9C1D-E2F3A4B5C6D7}.Release|x64.Build.0 = Release|Any CPU
		{B3C4D5E6-F7A8-4B90-9C1D-E2F3A4B5C6D7}.Release|x86.ActiveCfg = Release|Any CPU
		{B3C4D5E6-F7A8-4B90-9C1D-E2F3A4B5C6D7}.Release|x86.Build.0 = Release|Any CPU
		{A1B2C3D4-E5F6-7890-ABCD-EF1234567890}.Debug|Any CPU.ActiveCfg = Debug|Any CPU
		{A1B2C3D4-E5F6-7890-ABCD-EF1234567890}.Debug|Any CPU.Build.0 = Debug|Any CPU
		{A1B2C3D4-E5F6-7890-ABCD-EF1234567890}.Debug|x64.ActiveCfg = Debug|Any CPU
		{A1B2C3D4-E5F6-7890-ABCD-EF1234567890}.Debug|x64.Build.0 = Debug|Any CPU
		{A1B2C3D4-E5F6-7890-ABCD-EF1234567890}.Debug|x86.ActiveCfg = Debug|Any CPU
		{A1B2C3D4-E5F6-7890-ABCD-EF1234567890}.Debug|x86.Build.0 = Debug|Any CPU
		{A1B2C3D4-E5F6-7890-ABCD-EF1234567890}.Release|Any CPU.ActiveCfg = Release|Any CPU
		{A1B2C3D4-E5F6-7890-ABCD-EF1234567890}.Release|Any CPU.Build.0 = Release|Any CPU
		{A1B2C3D4-E5F6-7890-ABCD-EF1234567890}.Release|x64.ActiveCfg = Release|Any CPU
		{A1B2C3D4-E5F6-7890-ABCD-EF1234567890}.Release|x64.Build.0 = Release|Any CPU
		{A1B2C3D4-E5F6-7890-ABCD-EF1234567890}.Release|x86.ActiveCfg = Release|Any CPU
		{A1B2C3D4-E5F6-7890-ABCD-EF1234567890}.Release|x86.Build.0 = Release|Any CPU
		{13300D28-35CC-4114-929F-9C7CA728D5FD}.Debug|Any CPU.ActiveCfg = Debug|Any CPU
		{13300D28-35CC-4114-929F-9C7CA728D5FD}.Debug|Any CPU.Build.0 = Debug|Any CPU
		{13300D28-35CC-4114-929F-9C7CA728D5FD}.Debug|x64.ActiveCfg = Debug|Any CPU
		{13300D28-35CC-4114-929F-9C7CA728D5FD}.Debug|x64.Build.0 = Debug|Any CPU
		{13300D28-35CC-4114-929F-9C7CA728D5FD}.Debug|x86.ActiveCfg = Debug|Any CPU
		{13300D28-35CC-4114-929F-9C7CA728D5FD}.Debug|x86.Build.0 = Debug|Any CPU
		{13300D28-35CC-4114-929F-9C7CA728D5FD}.Release|Any CPU.ActiveCfg = Release|Any CPU
		{13300D28-35CC-4114-929F-9C7CA728D5FD}.Release|Any CPU.Build.0 = Release|Any CPU
		{13300D28-35CC-4114-929F-9C7CA728D5FD}.Release|x64.ActiveCfg = Release|Any CPU
		{13300D28-35CC-4114-929F-9C7CA728D5FD}.Release|x64.Build.0 = Release|Any CPU
		{13300D28-35CC-4114-929F-9C7CA728D5FD}.Release|x86.ActiveCfg = Release|Any CPU
		{13300D28-35CC-4114-929F-9C7CA728D5FD}.Release|x86.Build.0 = Release|Any CPU
		{717F268A-CDFB-4B99-A0F4-9564A97E19F4}.Debug|Any CPU.ActiveCfg = Debug|Any CPU
		{717F268A-CDFB-4B99-A0F4-9564A97E19F4}.Debug|Any CPU.Build.0 = Debug|Any CPU
		{717F268A-CDFB-4B99-A0F4-9564A97E19F4}.Debug|x64.ActiveCfg = Debug|Any CPU
		{717F268A-CDFB-4B99-A0F4-9564A97E19F4}.Debug|x64.Build.0 = Debug|Any CPU
		{717F268A-CDFB-4B99-A0F4-9564A97E19F4}.Debug|x86.ActiveCfg = Debug|Any CPU
		{717F268A-CDFB-4B99-A0F4-9564A97E19F4}.Debug|x86.Build.0 = Debug|Any CPU
		{717F268A-CDFB-4B99-A0F4-9564A97E19F4}.Release|Any CPU.ActiveCfg = Release|Any CPU
		{717F268A-CDFB-4B99-A0F4-9564A97E19F4}.Release|Any CPU.Build.0 = Release|Any CPU
		{717F268A-CDFB-4B99-A0F4-9564A97E19F4}.Release|x64.ActiveCfg = Release|Any CPU
		{717F268A-CDFB-4B99-A0F4-9564A97E19F4}.Release|x64.Build.0 = Release|Any CPU
		{717F268A-CDFB-4B99-A0F4-9564A97E19F4}.Release|x86.ActiveCfg = Release|Any CPU
		{717F268A-CDFB-4B99-A0F4-9564A97E19F4}.Release|x86.Build.0 = Release|Any CPU
		{07A04732-04FC-4638-B71D-3BD3EF9B7C5F}.Debug|Any CPU.ActiveCfg = Debug|Any CPU
		{07A04732-04FC-4638-B71D-3BD3EF9B7C5F}.Debug|Any CPU.Build.0 = Debug|Any CPU
		{07A04732-04FC-4638-B71D-3BD3EF9B7C5F}.Debug|x64.ActiveCfg = Debug|Any CPU
		{07A04732-04FC-4638-B71D-3BD3EF9B7C5F}.Debug|x64.Build.0 = Debug|Any CPU
		{07A04732-04FC-4638-B71D-3BD3EF9B7C5F}.Debug|x86.ActiveCfg = Debug|Any CPU
		{07A04732-04FC-4638-B71D-3BD3EF9B7C5F}.Debug|x86.Build.0 = Debug|Any CPU
		{07A04732-04FC-4638-B71D-3BD3EF9B7C5F}.Release|Any CPU.ActiveCfg = Release|Any CPU
		{07A04732-04FC-4638-B71D-3BD3EF9B7C5F}.Release|Any CPU.Build.0 = Release|Any CPU
		{07A04732-04FC-4638-B71D-3BD3EF9B7C5F}.Release|x64.ActiveCfg = Release|Any CPU
		{07A04732-04FC-4638-B71D-3BD3EF9B7C5F}.Release|x64.Build.0 = Release|Any CPU
		{07A04732-04FC-4638-B71D-3BD3EF9B7C5F}.Release|x86.ActiveCfg = Release|Any CPU
		{07A04732-04FC-4638-B71D-3BD3EF9B7C5F}.Release|x86.Build.0 = Release|Any CPU
		{9E73A6A0-2BBA-407E-AE56-C2B239B4E516}.Debug|Any CPU.ActiveCfg = Debug|Any CPU
		{9E73A6A0-2BBA-407E-AE56-C2B239B4E516}.Debug|Any CPU.Build.0 = Debug|Any CPU
		{9E73A6A0-2BBA-407E-AE56-C2B239B4E516}.Debug|x64.ActiveCfg = Debug|Any CPU
		{9E73A6A0-2BBA-407E-AE56-C2B239B4E516}.Debug|x64.Build.0 = Debug|Any CPU
		{9E73A6A0-2BBA-407E-AE56-C2B239B4E516}.Debug|x86.ActiveCfg = Debug|Any CPU
		{9E73A6A0-2BBA-407E-AE56-C2B239B4E516}.Debug|x86.Build.0 = Debug|Any CPU
		{9E73A6A0-2BBA-407E-AE56-C2B239B4E516}.Release|Any CPU.ActiveCfg = Release|Any CPU
		{9E73A6A0-2BBA-407E-AE56-C2B239B4E516}.Release|Any CPU.Build.0 = Release|Any CPU
		{9E73A6A0-2BBA-407E-AE56-C2B239B4E516}.Release|x64.ActiveCfg = Release|Any CPU
		{9E73A6A0-2BBA-407E-AE56-C2B239B4E516}.Release|x64.Build.0 = Release|Any CPU
		{9E73A6A0-2BBA-407E-AE56-C2B239B4E516}.Release|x86.ActiveCfg = Release|Any CPU
		{9E73A6A0-2BBA-407E-AE56-C2B239B4E516}.Release|x86.Build.0 = Release|Any CPU
		{01EE6CE9-75E6-4F0B-9978-F7232EDAD3DA}.Debug|Any CPU.ActiveCfg = Debug|Any CPU
		{01EE6CE9-75E6-4F0B-9978-F7232EDAD3DA}.Debug|Any CPU.Build.0 = Debug|Any CPU
		{01EE6CE9-75E6-4F0B-9978-F7232EDAD3DA}.Debug|x64.ActiveCfg = Debug|Any CPU
		{01EE6CE9-75E6-4F0B-9978-F7232EDAD3DA}.Debug|x64.Build.0 = Debug|Any CPU
		{01EE6CE9-75E6-4F0B-9978-F7232EDAD3DA}.Debug|x86.ActiveCfg = Debug|Any CPU
		{01EE6CE9-75E6-4F0B-9978-F7232EDAD3DA}.Debug|x86.Build.0 = Debug|Any CPU
		{01EE6CE9-75E6-4F0B-9978-F7232EDAD3DA}.Release|Any CPU.ActiveCfg = Release|Any CPU
		{01EE6CE9-75E6-4F0B-9978-F7232EDAD3DA}.Release|Any CPU.Build.0 = Release|Any CPU
		{01EE6CE9-75E6-4F0B-9978-F7232EDAD3DA}.Release|x64.ActiveCfg = Release|Any CPU
		{01EE6CE9-75E6-4F0B-9978-F7232EDAD3DA}.Release|x64.Build.0 = Release|Any CPU
		{01EE6CE9-75E6-4F0B-9978-F7232EDAD3DA}.Release|x86.ActiveCfg = Release|Any CPU
		{01EE6CE9-75E6-4F0B-9978-F7232EDAD3DA}.Release|x86.Build.0 = Release|Any CPU
	EndGlobalSection
	GlobalSection(SolutionProperties) = preSolution
		HideSolutionNode = FALSE
	EndGlobalSection
	GlobalSection(ExtensibilityGlobals) = postSolution
		SolutionGuid = {F66C3939-A5E1-4C5D-9D17-A9C72C16350A}
	EndGlobalSection
EndGlobal
